
Microsoft Visual Studio Solution File, Format Version 12.00
Project("{FAE04EC0-301F-11D3-BF4B-00C04F79EFBC}") = "AES.Domain", "AES.Domain\AES.Domain.csproj", "{A6748CE7-968E-41B5-9742-7EBC591583C4}"
EndProject
Project("{FAE04EC0-301F-11D3-BF4B-00C04F79EFBC}") = "AES.Infrastructure", "AES.Infrastructure\AES.Infrastructure.csproj", "{5C917464-FC8C-4FE7-9124-28344C02D3C9}"
EndProject
Project("{FAE04EC0-301F-11D3-BF4B-00C04F79EFBC}") = "AES.Infrastructure.EntityFrameworkCore", "AES.Infrastructure.EntityFrameworkCore\AES.Infrastructure.EntityFrameworkCore.csproj", "{ECDE148C-0342-4665-BA5E-9F026A57B526}"
EndProject
Project("{FAE04EC0-301F-11D3-BF4B-00C04F79EFBC}") = "AES.Infrastructure.EntityFrameworkCore.PostgreSql", "AES.Infrastructure.EntityFrameworkCore.PostgreSql\AES.Infrastructure.EntityFrameworkCore.PostgreSql.csproj", "{E6AE2427-2E0A-4CB3-B9BD-65459C5CF6F6}"
EndProject
Project("{FAE04EC0-301F-11D3-BF4B-00C04F79EFBC}") = "AES.Init", "AES.Init\AES.Init.csproj", "{E14147EC-D114-4282-823F-34C729B7BA8C}"
EndProject
Project("{FAE04EC0-301F-11D3-BF4B-00C04F79EFBC}") = "AES.BusinessLogic", "AES.BusinessLogic\AES.BusinessLogic.csproj", "{69BFEF62-3E7A-4F46-B1F4-2B790EB29C1C}"
EndProject
Project("{FAE04EC0-301F-11D3-BF4B-00C04F79EFBC}") = "AES.BusinessLogic.Implementation", "AES.BusinessLogic.Implementation\AES.BusinessLogic.Implementation.csproj", "{78346382-98DF-4BBC-9D9F-C06BFF5F1617}"
EndProject
Project("{FAE04EC0-301F-11D3-BF4B-00C04F79EFBC}") = "WebApi", "WebApi\WebApi.csproj", "{A5FCF876-140D-4955-B9C6-C122624B4303}"
EndProject
Project("{FAE04EC0-301F-11D3-BF4B-00C04F79EFBC}") = "AES.Infrastructure.EntityFrameworkCore.Sqlite", "AES.Infrastructure.EntityFrameworkCore.Sqlite\AES.Infrastructure.EntityFrameworkCore.Sqlite.csproj", "{8841EE78-24CD-41B1-9DE1-2258DD602BC3}"
EndProject
Global
	GlobalSection(SolutionConfigurationPlatforms) = preSolution
		Debug|Any CPU = Debug|Any CPU
		Release|Any CPU = Release|Any CPU
	EndGlobalSection
	GlobalSection(ProjectConfigurationPlatforms) = postSolution
		{A6748CE7-968E-41B5-9742-7EBC591583C4}.Debug|Any CPU.ActiveCfg = Debug|Any CPU
		{A6748CE7-968E-41B5-9742-7EBC591583C4}.Debug|Any CPU.Build.0 = Debug|Any CPU
		{5C917464-FC8C-4FE7-9124-28344C02D3C9}.Debug|Any CPU.ActiveCfg = Debug|Any CPU
		{5C917464-FC8C-4FE7-9124-28344C02D3C9}.Debug|Any CPU.Build.0 = Debug|Any CPU
		{5C917464-FC8C-4FE7-9124-28344C02D3C9}.Release|Any CPU.ActiveCfg = Release|Any CPU
		{5C917464-FC8C-4FE7-9124-28344C02D3C9}.Release|Any CPU.Build.0 = Release|Any CPU
		{ECDE148C-0342-4665-BA5E-9F026A57B526}.Debug|Any CPU.ActiveCfg = Debug|Any CPU
		{ECDE148C-0342-4665-BA5E-9F026A57B526}.Debug|Any CPU.Build.0 = Debug|Any CPU
		{ECDE148C-0342-4665-BA5E-9F026A57B526}.Release|Any CPU.ActiveCfg = Release|Any CPU
		{ECDE148C-0342-4665-BA5E-9F026A57B526}.Release|Any CPU.Build.0 = Release|Any CPU
		{E6AE2427-2E0A-4CB3-B9BD-65459C5CF6F6}.Debug|Any CPU.ActiveCfg = Debug|Any CPU
		{E6AE2427-2E0A-4CB3-B9BD-65459C5CF6F6}.Debug|Any CPU.Build.0 = Debug|Any CPU
		{E6AE2427-2E0A-4CB3-B9BD-65459C5CF6F6}.Release|Any CPU.ActiveCfg = Release|Any CPU
		{E6AE2427-2E0A-4CB3-B9BD-65459C5CF6F6}.Release|Any CPU.Build.0 = Release|Any CPU
		{E14147EC-D114-4282-823F-34C729B7BA8C}.Debug|Any CPU.ActiveCfg = Debug|Any CPU
		{E14147EC-D114-4282-823F-34C729B7BA8C}.Debug|Any CPU.Build.0 = Debug|Any CPU
		{E14147EC-D114-4282-823F-34C729B7BA8C}.Release|Any CPU.ActiveCfg = Release|Any CPU
		{E14147EC-D114-4282-823F-34C729B7BA8C}.Release|Any CPU.Build.0 = Release|Any CPU
		{69BFEF62-3E7A-4F46-B1F4-2B790EB29C1C}.Debug|Any CPU.ActiveCfg = Debug|Any CPU
		{69BFEF62-3E7A-4F46-B1F4-2B790EB29C1C}.Debug|Any CPU.Build.0 = Debug|Any CPU
		{69BFEF62-3E7A-4F46-B1F4-2B790EB29C1C}.Release|Any CPU.ActiveCfg = Release|Any CPU
		{69BFEF62-3E7A-4F46-B1F4-2B790EB29C1C}.Release|Any CPU.Build.0 = Release|Any CPU
		{78346382-98DF-4BBC-9D9F-C06BFF5F1617}.Debug|Any CPU.ActiveCfg = Debug|Any CPU
		{78346382-98DF-4BBC-9D9F-C06BFF5F1617}.Debug|Any CPU.Build.0 = Debug|Any CPU
		{78346382-98DF-4BBC-9D9F-C06BFF5F1617}.Release|Any CPU.ActiveCfg = Release|Any CPU
		{78346382-98DF-4BBC-9D9F-C06BFF5F1617}.Release|Any CPU.Build.0 = Release|Any CPU
		{A5FCF876-140D-4955-B9C6-C122624B4303}.Debug|Any CPU.ActiveCfg = Debug|Any CPU
		{A5FCF876-140D-4955-B9C6-C122624B4303}.Debug|Any CPU.Build.0 = Debug|Any CPU
		{A5FCF876-140D-4955-B9C6-C122624B4303}.Release|Any CPU.ActiveCfg = Release|Any CPU
		{A5FCF876-140D-4955-B9C6-C122624B4303}.Release|Any CPU.Build.0 = Release|Any CPU
		{8841EE78-24CD-41B1-9DE1-2258DD602BC3}.Debug|Any CPU.ActiveCfg = Debug|Any CPU
		{8841EE78-24CD-41B1-9DE1-2258DD602BC3}.Debug|Any CPU.Build.0 = Debug|Any CPU
		{8841EE78-24CD-41B1-9DE1-2258DD602BC3}.Release|Any CPU.ActiveCfg = Release|Any CPU
		{8841EE78-24CD-41B1-9DE1-2258DD602BC3}.Release|Any CPU.Build.0 = Release|Any CPU
	EndGlobalSection
EndGlobal
