
Microsoft Visual Studio Solution File, Format Version 12.00
# Visual Studio Version 17
VisualStudioVersion = 17.6.33829.357
MinimumVisualStudioVersion = 10.0.40219.1
Project("{9A19103F-16F7-4668-BE54-9A1E7A4F7556}") = "AES.Domain", "AES.Domain\AES.Domain.csproj", "{A6748CE7-968E-41B5-9742-7EBC591583C4}"
EndProject
Project("{9A19103F-16F7-4668-BE54-9A1E7A4F7556}") = "AES.Infrastructure", "AES.Infrastructure\AES.Infrastructure.csproj", "{5C917464-FC8C-4FE7-9124-28344C02D3C9}"
EndProject
Project("{9A19103F-16F7-4668-BE54-9A1E7A4F7556}") = "AES.Infrastructure.EntityFrameworkCore", "AES.Infrastructure.EntityFrameworkCore\AES.Infrastructure.EntityFrameworkCore.csproj", "{ECDE148C-0342-4665-BA5E-9F026A57B526}"
EndProject
Project("{9A19103F-16F7-4668-BE54-9A1E7A4F7556}") = "AES.Infrastructure.EntityFrameworkCore.PostgreSql", "AES.Infrastructure.EntityFrameworkCore.PostgreSql\AES.Infrastructure.EntityFrameworkCore.PostgreSql.csproj", "{E6AE2427-2E0A-4CB3-B9BD-65459C5CF6F6}"
EndProject
Project("{9A19103F-16F7-4668-BE54-9A1E7A4F7556}") = "AES.Init", "AES.Init\AES.Init.csproj", "{E14147EC-D114-4282-823F-34C729B7BA8C}"
EndProject
Project("{9A19103F-16F7-4668-BE54-9A1E7A4F7556}") = "AES.BusinessLogic", "AES.BusinessLogic\AES.BusinessLogic.csproj", "{69BFEF62-3E7A-4F46-B1F4-2B790EB29C1C}"
EndProject
Project("{9A19103F-16F7-4668-BE54-9A1E7A4F7556}") = "AES.BusinessLogic.Implementation", "AES.BusinessLogic.Implementation\AES.BusinessLogic.Implementation.csproj", "{78346382-98DF-4BBC-9D9F-C06BFF5F1617}"
EndProject
Project("{9A19103F-16F7-4668-BE54-9A1E7A4F7556}") = "WebApi", "WebApi\WebApi.csproj", "{A5FCF876-140D-4955-B9C6-C122624B4303}"
EndProject
Project("{9A19103F-16F7-4668-BE54-9A1E7A4F7556}") = "AES.Infrastructure.EntityFrameworkCore.Sqlite", "AES.Infrastructure.EntityFrameworkCore.Sqlite\AES.Infrastructure.EntityFrameworkCore.Sqlite.csproj", "{8841EE78-24CD-41B1-9DE1-2258DD602BC3}"
EndProject
Project("{9A19103F-16F7-4668-BE54-9A1E7A4F7556}") = "AES.Story", "AES.Story\AES.Story.csproj", "{EE9CF2E1-7C08-4D8F-A473-247D34DA4FC1}"
EndProject
Project("{9A19103F-16F7-4668-BE54-9A1E7A4F7556}") = "MyStoryBot", "MyStoryBot\MyStoryBot.csproj", "{D6C8FA63-7DDE-4565-8F3A-ADD9000BA308}"
EndProject
Project("{9A19103F-16F7-4668-BE54-9A1E7A4F7556}") = "AES.IdentityServer4", "AES.IdentityServer4\AES.IdentityServer4.csproj", "{55B64559-580B-43E1-8AD0-B7D97C9C8D6A}"
EndProject
Project("{FAE04EC0-301F-11D3-BF4B-00C04F79EFBC}") = "CopyEntity", "CopyEntity\CopyEntity.csproj", "{5C0B2DF2-2C93-4DE1-B970-7FDF76085863}"
EndProject
Project("{FAE04EC0-301F-11D3-BF4B-00C04F79EFBC}") = "AES.Exceptions", "AES.Exceptions\AES.Exceptions.csproj", "{A423DBA7-8E15-4E0A-87C1-C663CA335673}"
EndProject
Global
	GlobalSection(SolutionConfigurationPlatforms) = preSolution
		Debug|Any CPU = Debug|Any CPU
		Release|Any CPU = Release|Any CPU
	EndGlobalSection
	GlobalSection(ProjectConfigurationPlatforms) = postSolution
		{A6748CE7-968E-41B5-9742-7EBC591583C4}.Debug|Any CPU.ActiveCfg = Debug|Any CPU
		{A6748CE7-968E-41B5-9742-7EBC591583C4}.Debug|Any CPU.Build.0 = Debug|Any CPU
		{A6748CE7-968E-41B5-9742-7EBC591583C4}.Release|Any CPU.ActiveCfg = Release|Any CPU
		{A6748CE7-968E-41B5-9742-7EBC591583C4}.Release|Any CPU.Build.0 = Release|Any CPU
		{5C917464-FC8C-4FE7-9124-28344C02D3C9}.Debug|Any CPU.ActiveCfg = Debug|Any CPU
		{5C917464-FC8C-4FE7-9124-28344C02D3C9}.Debug|Any CPU.Build.0 = Debug|Any CPU
		{5C917464-FC8C-4FE7-9124-28344C02D3C9}.Release|Any CPU.ActiveCfg = Release|Any CPU
		{5C917464-FC8C-4FE7-9124-28344C02D3C9}.Release|Any CPU.Build.0 = Release|Any CPU
		{ECDE148C-0342-4665-BA5E-9F026A57B526}.Debug|Any CPU.ActiveCfg = Debug|Any CPU
		{ECDE148C-0342-4665-BA5E-9F026A57B526}.Debug|Any CPU.Build.0 = Debug|Any CPU
		{ECDE148C-0342-4665-BA5E-9F026A57B526}.Release|Any CPU.ActiveCfg = Release|Any CPU
		{ECDE148C-0342-4665-BA5E-9F026A57B526}.Release|Any CPU.Build.0 = Release|Any CPU
		{E6AE2427-2E0A-4CB3-B9BD-65459C5CF6F6}.Debug|Any CPU.ActiveCfg = Debug|Any CPU
		{E6AE2427-2E0A-4CB3-B9BD-65459C5CF6F6}.Debug|Any CPU.Build.0 = Debug|Any CPU
		{E6AE2427-2E0A-4CB3-B9BD-65459C5CF6F6}.Release|Any CPU.ActiveCfg = Release|Any CPU
		{E6AE2427-2E0A-4CB3-B9BD-65459C5CF6F6}.Release|Any CPU.Build.0 = Release|Any CPU
		{E14147EC-D114-4282-823F-34C729B7BA8C}.Debug|Any CPU.ActiveCfg = Debug|Any CPU
		{E14147EC-D114-4282-823F-34C729B7BA8C}.Debug|Any CPU.Build.0 = Debug|Any CPU
		{E14147EC-D114-4282-823F-34C729B7BA8C}.Release|Any CPU.ActiveCfg = Release|Any CPU
		{E14147EC-D114-4282-823F-34C729B7BA8C}.Release|Any CPU.Build.0 = Release|Any CPU
		{69BFEF62-3E7A-4F46-B1F4-2B790EB29C1C}.Debug|Any CPU.ActiveCfg = Debug|Any CPU
		{69BFEF62-3E7A-4F46-B1F4-2B790EB29C1C}.Debug|Any CPU.Build.0 = Debug|Any CPU
		{69BFEF62-3E7A-4F46-B1F4-2B790EB29C1C}.Release|Any CPU.ActiveCfg = Release|Any CPU
		{69BFEF62-3E7A-4F46-B1F4-2B790EB29C1C}.Release|Any CPU.Build.0 = Release|Any CPU
		{78346382-98DF-4BBC-9D9F-C06BFF5F1617}.Debug|Any CPU.ActiveCfg = Debug|Any CPU
		{78346382-98DF-4BBC-9D9F-C06BFF5F1617}.Debug|Any CPU.Build.0 = Debug|Any CPU
		{78346382-98DF-4BBC-9D9F-C06BFF5F1617}.Release|Any CPU.ActiveCfg = Release|Any CPU
		{78346382-98DF-4BBC-9D9F-C06BFF5F1617}.Release|Any CPU.Build.0 = Release|Any CPU
		{A5FCF876-140D-4955-B9C6-C122624B4303}.Debug|Any CPU.ActiveCfg = Debug|Any CPU
		{A5FCF876-140D-4955-B9C6-C122624B4303}.Debug|Any CPU.Build.0 = Debug|Any CPU
		{A5FCF876-140D-4955-B9C6-C122624B4303}.Release|Any CPU.ActiveCfg = Release|Any CPU
		{A5FCF876-140D-4955-B9C6-C122624B4303}.Release|Any CPU.Build.0 = Release|Any CPU
		{8841EE78-24CD-41B1-9DE1-2258DD602BC3}.Debug|Any CPU.ActiveCfg = Debug|Any CPU
		{8841EE78-24CD-41B1-9DE1-2258DD602BC3}.Debug|Any CPU.Build.0 = Debug|Any CPU
		{8841EE78-24CD-41B1-9DE1-2258DD602BC3}.Release|Any CPU.ActiveCfg = Release|Any CPU
		{8841EE78-24CD-41B1-9DE1-2258DD602BC3}.Release|Any CPU.Build.0 = Release|Any CPU
		{EE9CF2E1-7C08-4D8F-A473-247D34DA4FC1}.Debug|Any CPU.ActiveCfg = Debug|Any CPU
		{EE9CF2E1-7C08-4D8F-A473-247D34DA4FC1}.Debug|Any CPU.Build.0 = Debug|Any CPU
		{EE9CF2E1-7C08-4D8F-A473-247D34DA4FC1}.Release|Any CPU.ActiveCfg = Release|Any CPU
		{EE9CF2E1-7C08-4D8F-A473-247D34DA4FC1}.Release|Any CPU.Build.0 = Release|Any CPU
		{D6C8FA63-7DDE-4565-8F3A-ADD9000BA308}.Debug|Any CPU.ActiveCfg = Debug|Any CPU
		{D6C8FA63-7DDE-4565-8F3A-ADD9000BA308}.Debug|Any CPU.Build.0 = Debug|Any CPU
		{D6C8FA63-7DDE-4565-8F3A-ADD9000BA308}.Release|Any CPU.ActiveCfg = Release|Any CPU
		{D6C8FA63-7DDE-4565-8F3A-ADD9000BA308}.Release|Any CPU.Build.0 = Release|Any CPU
		{55B64559-580B-43E1-8AD0-B7D97C9C8D6A}.Debug|Any CPU.ActiveCfg = Debug|Any CPU
		{55B64559-580B-43E1-8AD0-B7D97C9C8D6A}.Debug|Any CPU.Build.0 = Debug|Any CPU
		{55B64559-580B-43E1-8AD0-B7D97C9C8D6A}.Release|Any CPU.ActiveCfg = Release|Any CPU
		{55B64559-580B-43E1-8AD0-B7D97C9C8D6A}.Release|Any CPU.Build.0 = Release|Any CPU
		{5C0B2DF2-2C93-4DE1-B970-7FDF76085863}.Debug|Any CPU.ActiveCfg = Debug|Any CPU
		{5C0B2DF2-2C93-4DE1-B970-7FDF76085863}.Debug|Any CPU.Build.0 = Debug|Any CPU
		{5C0B2DF2-2C93-4DE1-B970-7FDF76085863}.Release|Any CPU.ActiveCfg = Release|Any CPU
		{5C0B2DF2-2C93-4DE1-B970-7FDF76085863}.Release|Any CPU.Build.0 = Release|Any CPU
		{A423DBA7-8E15-4E0A-87C1-C663CA335673}.Debug|Any CPU.ActiveCfg = Debug|Any CPU
		{A423DBA7-8E15-4E0A-87C1-C663CA335673}.Debug|Any CPU.Build.0 = Debug|Any CPU
		{A423DBA7-8E15-4E0A-87C1-C663CA335673}.Release|Any CPU.ActiveCfg = Release|Any CPU
		{A423DBA7-8E15-4E0A-87C1-C663CA335673}.Release|Any CPU.Build.0 = Release|Any CPU
	EndGlobalSection
	GlobalSection(SolutionProperties) = preSolution
		HideSolutionNode = FALSE
	EndGlobalSection
EndGlobal
